
Microsoft Visual Studio Solution File, Format Version 12.00
# Visual Studio Version 17
VisualStudioVersion = 17.8.34330.188
MinimumVisualStudioVersion = 10.0.40219.1
Project("{FAE04EC0-301F-11D3-BF4B-00C04F79EFBC}") = "healthy-lifestyle-web-app", "healthy-lifestyle-web-app.csproj", "{2EF51307-3656-40B9-8E64-8D3F2F0D38DD}"
EndProject
Global
	GlobalSection(SolutionConfigurationPlatforms) = preSolution
		Debug|Any CPU = Debug|Any CPU
		Release|Any CPU = Release|Any CPU
	EndGlobalSection
	GlobalSection(ProjectConfigurationPlatforms) = postSolution
		{2EF51307-3656-40B9-8E64-8D3F2F0D38DD}.Debug|Any CPU.ActiveCfg = Debug|Any CPU
		{2EF51307-3656-40B9-8E64-8D3F2F0D38DD}.Debug|Any CPU.Build.0 = Debug|Any CPU
		{2EF51307-3656-40B9-8E64-8D3F2F0D38DD}.Release|Any CPU.ActiveCfg = Release|Any CPU
		{2EF51307-3656-40B9-8E64-8D3F2F0D38DD}.Release|Any CPU.Build.0 = Release|Any CPU
	EndGlobalSection
	GlobalSection(SolutionProperties) = preSolution
		HideSolutionNode = FALSE
	EndGlobalSection
	GlobalSection(ExtensibilityGlobals) = postSolution
		SolutionGuid = {C2AC7655-1465-4254-9555-78FED107C942}
	EndGlobalSection
EndGlobal
